// !$*UTF8*$!
{
	archiveVersion = 1;
	classes = {
	};
	objectVersion = 46;
	objects = {

/* Begin PBXBuildFile section */
		9169C29CE46F2970CE0AAD2B /* Pods_CameraApp.framework in Frameworks */ = {isa = PBXBuildFile; fileRef = BA57B2D2CFF4992E76F087A6 /* Pods_CameraApp.framework */; };
		C51153BE1C4DB2900010D365 /* ImageFilterManager.swift in Sources */ = {isa = PBXBuildFile; fileRef = C51153BD1C4DB2900010D365 /* ImageFilterManager.swift */; };
		C51153C21C4DC1BD0010D365 /* FilterViewController.swift in Sources */ = {isa = PBXBuildFile; fileRef = C51153C11C4DC1BD0010D365 /* FilterViewController.swift */; };
		C51153C41C4DC4F40010D365 /* FilterViewTableViewCell.swift in Sources */ = {isa = PBXBuildFile; fileRef = C51153C31C4DC4F40010D365 /* FilterViewTableViewCell.swift */; };
		C514C49E1C0FBC7700A1B77F /* AppDelegate.swift in Sources */ = {isa = PBXBuildFile; fileRef = C514C49D1C0FBC7700A1B77F /* AppDelegate.swift */; };
		C514C4A31C0FBC7700A1B77F /* Main.storyboard in Resources */ = {isa = PBXBuildFile; fileRef = C514C4A11C0FBC7700A1B77F /* Main.storyboard */; };
		C514C4A51C0FBC7700A1B77F /* Assets.xcassets in Resources */ = {isa = PBXBuildFile; fileRef = C514C4A41C0FBC7700A1B77F /* Assets.xcassets */; };
		C514C4A81C0FBC7700A1B77F /* LaunchScreen.storyboard in Resources */ = {isa = PBXBuildFile; fileRef = C514C4A61C0FBC7700A1B77F /* LaunchScreen.storyboard */; };
		C514C4B31C0FBC7700A1B77F /* CameraAppTests.swift in Sources */ = {isa = PBXBuildFile; fileRef = C514C4B21C0FBC7700A1B77F /* CameraAppTests.swift */; };
		C514C4BE1C0FBC7800A1B77F /* CameraAppUITests.swift in Sources */ = {isa = PBXBuildFile; fileRef = C514C4BD1C0FBC7800A1B77F /* CameraAppUITests.swift */; };
		C514C4CC1C0FBCF100A1B77F /* MainViewController.swift in Sources */ = {isa = PBXBuildFile; fileRef = C514C4CB1C0FBCF100A1B77F /* MainViewController.swift */; };
		C57AA7E81C1F934E00E5EC37 /* PreviewCollectionViewCell.swift in Sources */ = {isa = PBXBuildFile; fileRef = C57AA7E71C1F934E00E5EC37 /* PreviewCollectionViewCell.swift */; };
		C5A031AC1C56ECC100679A70 /* LocationManager.swift in Sources */ = {isa = PBXBuildFile; fileRef = C5A031AB1C56ECC100679A70 /* LocationManager.swift */; };
		C5A031AE1C56EF4800679A70 /* FacebookManager.swift in Sources */ = {isa = PBXBuildFile; fileRef = C5A031AD1C56EF4800679A70 /* FacebookManager.swift */; };
/* End PBXBuildFile section */

/* Begin PBXContainerItemProxy section */
		C514C4AF1C0FBC7700A1B77F /* PBXContainerItemProxy */ = {
			isa = PBXContainerItemProxy;
			containerPortal = C514C4921C0FBC7700A1B77F /* Project object */;
			proxyType = 1;
			remoteGlobalIDString = C514C4991C0FBC7700A1B77F;
			remoteInfo = CameraApp;
		};
		C514C4BA1C0FBC7700A1B77F /* PBXContainerItemProxy */ = {
			isa = PBXContainerItemProxy;
			containerPortal = C514C4921C0FBC7700A1B77F /* Project object */;
			proxyType = 1;
			remoteGlobalIDString = C514C4991C0FBC7700A1B77F;
			remoteInfo = CameraApp;
		};
/* End PBXContainerItemProxy section */

/* Begin PBXFileReference section */
		3A0503E06FDC6FE0FFA0F169 /* Pods-CameraApp.debug.xcconfig */ = {isa = PBXFileReference; includeInIndex = 1; lastKnownFileType = text.xcconfig; name = "Pods-CameraApp.debug.xcconfig"; path = "Pods/Target Support Files/Pods-CameraApp/Pods-CameraApp.debug.xcconfig"; sourceTree = "<group>"; };
		BA57B2D2CFF4992E76F087A6 /* Pods_CameraApp.framework */ = {isa = PBXFileReference; explicitFileType = wrapper.framework; includeInIndex = 0; path = Pods_CameraApp.framework; sourceTree = BUILT_PRODUCTS_DIR; };
		C51153BD1C4DB2900010D365 /* ImageFilterManager.swift */ = {isa = PBXFileReference; fileEncoding = 4; lastKnownFileType = sourcecode.swift; path = ImageFilterManager.swift; sourceTree = "<group>"; };
		C51153C11C4DC1BD0010D365 /* FilterViewController.swift */ = {isa = PBXFileReference; fileEncoding = 4; lastKnownFileType = sourcecode.swift; path = FilterViewController.swift; sourceTree = "<group>"; };
		C51153C31C4DC4F40010D365 /* FilterViewTableViewCell.swift */ = {isa = PBXFileReference; fileEncoding = 4; lastKnownFileType = sourcecode.swift; path = FilterViewTableViewCell.swift; sourceTree = "<group>"; };
		C514C49A1C0FBC7700A1B77F /* CameraApp.app */ = {isa = PBXFileReference; explicitFileType = wrapper.application; includeInIndex = 0; path = CameraApp.app; sourceTree = BUILT_PRODUCTS_DIR; };
		C514C49D1C0FBC7700A1B77F /* AppDelegate.swift */ = {isa = PBXFileReference; lastKnownFileType = sourcecode.swift; path = AppDelegate.swift; sourceTree = "<group>"; };
		C514C4A21C0FBC7700A1B77F /* Base */ = {isa = PBXFileReference; lastKnownFileType = file.storyboard; name = Base; path = Base.lproj/Main.storyboard; sourceTree = "<group>"; };
		C514C4A41C0FBC7700A1B77F /* Assets.xcassets */ = {isa = PBXFileReference; lastKnownFileType = folder.assetcatalog; path = Assets.xcassets; sourceTree = "<group>"; };
		C514C4A71C0FBC7700A1B77F /* Base */ = {isa = PBXFileReference; lastKnownFileType = file.storyboard; name = Base; path = Base.lproj/LaunchScreen.storyboard; sourceTree = "<group>"; };
		C514C4A91C0FBC7700A1B77F /* Info.plist */ = {isa = PBXFileReference; lastKnownFileType = text.plist.xml; path = Info.plist; sourceTree = "<group>"; };
		C514C4AE1C0FBC7700A1B77F /* CameraAppTests.xctest */ = {isa = PBXFileReference; explicitFileType = wrapper.cfbundle; includeInIndex = 0; path = CameraAppTests.xctest; sourceTree = BUILT_PRODUCTS_DIR; };
		C514C4B21C0FBC7700A1B77F /* CameraAppTests.swift */ = {isa = PBXFileReference; lastKnownFileType = sourcecode.swift; path = CameraAppTests.swift; sourceTree = "<group>"; };
		C514C4B41C0FBC7700A1B77F /* Info.plist */ = {isa = PBXFileReference; lastKnownFileType = text.plist.xml; path = Info.plist; sourceTree = "<group>"; };
		C514C4B91C0FBC7700A1B77F /* CameraAppUITests.xctest */ = {isa = PBXFileReference; explicitFileType = wrapper.cfbundle; includeInIndex = 0; path = CameraAppUITests.xctest; sourceTree = BUILT_PRODUCTS_DIR; };
		C514C4BD1C0FBC7800A1B77F /* CameraAppUITests.swift */ = {isa = PBXFileReference; lastKnownFileType = sourcecode.swift; path = CameraAppUITests.swift; sourceTree = "<group>"; };
		C514C4BF1C0FBC7800A1B77F /* Info.plist */ = {isa = PBXFileReference; lastKnownFileType = text.plist.xml; path = Info.plist; sourceTree = "<group>"; };
		C514C4CB1C0FBCF100A1B77F /* MainViewController.swift */ = {isa = PBXFileReference; fileEncoding = 4; lastKnownFileType = sourcecode.swift; path = MainViewController.swift; sourceTree = "<group>"; };
		C57AA7E71C1F934E00E5EC37 /* PreviewCollectionViewCell.swift */ = {isa = PBXFileReference; fileEncoding = 4; lastKnownFileType = sourcecode.swift; path = PreviewCollectionViewCell.swift; sourceTree = "<group>"; };
		C5A031AB1C56ECC100679A70 /* LocationManager.swift */ = {isa = PBXFileReference; fileEncoding = 4; lastKnownFileType = sourcecode.swift; path = LocationManager.swift; sourceTree = "<group>"; };
		C5A031AD1C56EF4800679A70 /* FacebookManager.swift */ = {isa = PBXFileReference; fileEncoding = 4; lastKnownFileType = sourcecode.swift; name = FacebookManager.swift; path = ../FacebookManager.swift; sourceTree = "<group>"; };
		F543464908FD94079BB38198 /* Pods-CameraApp.release.xcconfig */ = {isa = PBXFileReference; includeInIndex = 1; lastKnownFileType = text.xcconfig; name = "Pods-CameraApp.release.xcconfig"; path = "Pods/Target Support Files/Pods-CameraApp/Pods-CameraApp.release.xcconfig"; sourceTree = "<group>"; };
/* End PBXFileReference section */

/* Begin PBXFrameworksBuildPhase section */
		C514C4971C0FBC7700A1B77F /* Frameworks */ = {
			isa = PBXFrameworksBuildPhase;
			buildActionMask = 2147483647;
			files = (
				9169C29CE46F2970CE0AAD2B /* Pods_CameraApp.framework in Frameworks */,
			);
			runOnlyForDeploymentPostprocessing = 0;
		};
		C514C4AB1C0FBC7700A1B77F /* Frameworks */ = {
			isa = PBXFrameworksBuildPhase;
			buildActionMask = 2147483647;
			files = (
			);
			runOnlyForDeploymentPostprocessing = 0;
		};
		C514C4B61C0FBC7700A1B77F /* Frameworks */ = {
			isa = PBXFrameworksBuildPhase;
			buildActionMask = 2147483647;
			files = (
			);
			runOnlyForDeploymentPostprocessing = 0;
		};
/* End PBXFrameworksBuildPhase section */

/* Begin PBXGroup section */
		6676175B631EFAF622828C46 /* Pods */ = {
			isa = PBXGroup;
			children = (
				3A0503E06FDC6FE0FFA0F169 /* Pods-CameraApp.debug.xcconfig */,
				F543464908FD94079BB38198 /* Pods-CameraApp.release.xcconfig */,
			);
			name = Pods;
			sourceTree = "<group>";
		};
		814EA5B9167D8D03CE98677C /* Frameworks */ = {
			isa = PBXGroup;
			children = (
				BA57B2D2CFF4992E76F087A6 /* Pods_CameraApp.framework */,
			);
			name = Frameworks;
			sourceTree = "<group>";
		};
		C514C4911C0FBC7700A1B77F = {
			isa = PBXGroup;
			children = (
				C514C49C1C0FBC7700A1B77F /* CameraApp */,
				C514C4B11C0FBC7700A1B77F /* CameraAppTests */,
				C514C4BC1C0FBC7800A1B77F /* CameraAppUITests */,
				C514C49B1C0FBC7700A1B77F /* Products */,
				6676175B631EFAF622828C46 /* Pods */,
				814EA5B9167D8D03CE98677C /* Frameworks */,
			);
			sourceTree = "<group>";
		};
		C514C49B1C0FBC7700A1B77F /* Products */ = {
			isa = PBXGroup;
			children = (
				C514C49A1C0FBC7700A1B77F /* CameraApp.app */,
				C514C4AE1C0FBC7700A1B77F /* CameraAppTests.xctest */,
				C514C4B91C0FBC7700A1B77F /* CameraAppUITests.xctest */,
			);
			name = Products;
			sourceTree = "<group>";
		};
		C514C49C1C0FBC7700A1B77F /* CameraApp */ = {
			isa = PBXGroup;
			children = (
				C514C49D1C0FBC7700A1B77F /* AppDelegate.swift */,
				C514C4A11C0FBC7700A1B77F /* Main.storyboard */,
				C514C4A41C0FBC7700A1B77F /* Assets.xcassets */,
				C514C4A61C0FBC7700A1B77F /* LaunchScreen.storyboard */,
				C514C4A91C0FBC7700A1B77F /* Info.plist */,
				C514C4CB1C0FBCF100A1B77F /* MainViewController.swift */,
				C57AA7E71C1F934E00E5EC37 /* PreviewCollectionViewCell.swift */,
				C5A031AD1C56EF4800679A70 /* FacebookManager.swift */,
				C51153BD1C4DB2900010D365 /* ImageFilterManager.swift */,
				C51153C11C4DC1BD0010D365 /* FilterViewController.swift */,
				C51153C31C4DC4F40010D365 /* FilterViewTableViewCell.swift */,
				C5A031AB1C56ECC100679A70 /* LocationManager.swift */,
			);
			path = CameraApp;
			sourceTree = "<group>";
		};
		C514C4B11C0FBC7700A1B77F /* CameraAppTests */ = {
			isa = PBXGroup;
			children = (
				C514C4B21C0FBC7700A1B77F /* CameraAppTests.swift */,
				C514C4B41C0FBC7700A1B77F /* Info.plist */,
			);
			path = CameraAppTests;
			sourceTree = "<group>";
		};
		C514C4BC1C0FBC7800A1B77F /* CameraAppUITests */ = {
			isa = PBXGroup;
			children = (
				C514C4BD1C0FBC7800A1B77F /* CameraAppUITests.swift */,
				C514C4BF1C0FBC7800A1B77F /* Info.plist */,
			);
			path = CameraAppUITests;
			sourceTree = "<group>";
		};
/* End PBXGroup section */

/* Begin PBXNativeTarget section */
		C514C4991C0FBC7700A1B77F /* CameraApp */ = {
			isa = PBXNativeTarget;
			buildConfigurationList = C514C4C21C0FBC7800A1B77F /* Build configuration list for PBXNativeTarget "CameraApp" */;
			buildPhases = (
				A5B2187D6ECB232C43E1A5F8 /* Check Pods Manifest.lock */,
				C514C4961C0FBC7700A1B77F /* Sources */,
				C514C4971C0FBC7700A1B77F /* Frameworks */,
				C514C4981C0FBC7700A1B77F /* Resources */,
				6D3EE61B8BBFA4F31CA95FC7 /* Embed Pods Frameworks */,
				AB1FE70BE1629CDE667D9EFD /* Copy Pods Resources */,
			);
			buildRules = (
			);
			dependencies = (
			);
			name = CameraApp;
			productName = CameraApp;
			productReference = C514C49A1C0FBC7700A1B77F /* CameraApp.app */;
			productType = "com.apple.product-type.application";
		};
		C514C4AD1C0FBC7700A1B77F /* CameraAppTests */ = {
			isa = PBXNativeTarget;
			buildConfigurationList = C514C4C51C0FBC7800A1B77F /* Build configuration list for PBXNativeTarget "CameraAppTests" */;
			buildPhases = (
				C514C4AA1C0FBC7700A1B77F /* Sources */,
				C514C4AB1C0FBC7700A1B77F /* Frameworks */,
				C514C4AC1C0FBC7700A1B77F /* Resources */,
			);
			buildRules = (
			);
			dependencies = (
				C514C4B01C0FBC7700A1B77F /* PBXTargetDependency */,
			);
			name = CameraAppTests;
			productName = CameraAppTests;
			productReference = C514C4AE1C0FBC7700A1B77F /* CameraAppTests.xctest */;
			productType = "com.apple.product-type.bundle.unit-test";
		};
		C514C4B81C0FBC7700A1B77F /* CameraAppUITests */ = {
			isa = PBXNativeTarget;
			buildConfigurationList = C514C4C81C0FBC7800A1B77F /* Build configuration list for PBXNativeTarget "CameraAppUITests" */;
			buildPhases = (
				C514C4B51C0FBC7700A1B77F /* Sources */,
				C514C4B61C0FBC7700A1B77F /* Frameworks */,
				C514C4B71C0FBC7700A1B77F /* Resources */,
			);
			buildRules = (
			);
			dependencies = (
				C514C4BB1C0FBC7700A1B77F /* PBXTargetDependency */,
			);
			name = CameraAppUITests;
			productName = CameraAppUITests;
			productReference = C514C4B91C0FBC7700A1B77F /* CameraAppUITests.xctest */;
			productType = "com.apple.product-type.bundle.ui-testing";
		};
/* End PBXNativeTarget section */

/* Begin PBXProject section */
		C514C4921C0FBC7700A1B77F /* Project object */ = {
			isa = PBXProject;
			attributes = {
				LastSwiftUpdateCheck = 0710;
				LastUpgradeCheck = 0710;
				ORGANIZATIONNAME = "Will Wyatt";
				TargetAttributes = {
					C514C4991C0FBC7700A1B77F = {
						CreatedOnToolsVersion = 7.1;
						DevelopmentTeam = JJ65EE6UJU;
					};
					C514C4AD1C0FBC7700A1B77F = {
						CreatedOnToolsVersion = 7.1;
						DevelopmentTeam = JJ65EE6UJU;
						TestTargetID = C514C4991C0FBC7700A1B77F;
					};
					C514C4B81C0FBC7700A1B77F = {
						CreatedOnToolsVersion = 7.1;
						DevelopmentTeam = JJ65EE6UJU;
						TestTargetID = C514C4991C0FBC7700A1B77F;
					};
				};
			};
			buildConfigurationList = C514C4951C0FBC7700A1B77F /* Build configuration list for PBXProject "CameraApp" */;
			compatibilityVersion = "Xcode 3.2";
			developmentRegion = English;
			hasScannedForEncodings = 0;
			knownRegions = (
				en,
				Base,
			);
			mainGroup = C514C4911C0FBC7700A1B77F;
			productRefGroup = C514C49B1C0FBC7700A1B77F /* Products */;
			projectDirPath = "";
			projectRoot = "";
			targets = (
				C514C4991C0FBC7700A1B77F /* CameraApp */,
				C514C4AD1C0FBC7700A1B77F /* CameraAppTests */,
				C514C4B81C0FBC7700A1B77F /* CameraAppUITests */,
			);
		};
/* End PBXProject section */

/* Begin PBXResourcesBuildPhase section */
		C514C4981C0FBC7700A1B77F /* Resources */ = {
			isa = PBXResourcesBuildPhase;
			buildActionMask = 2147483647;
			files = (
				C514C4A81C0FBC7700A1B77F /* LaunchScreen.storyboard in Resources */,
				C514C4A51C0FBC7700A1B77F /* Assets.xcassets in Resources */,
				C514C4A31C0FBC7700A1B77F /* Main.storyboard in Resources */,
			);
			runOnlyForDeploymentPostprocessing = 0;
		};
		C514C4AC1C0FBC7700A1B77F /* Resources */ = {
			isa = PBXResourcesBuildPhase;
			buildActionMask = 2147483647;
			files = (
			);
			runOnlyForDeploymentPostprocessing = 0;
		};
		C514C4B71C0FBC7700A1B77F /* Resources */ = {
			isa = PBXResourcesBuildPhase;
			buildActionMask = 2147483647;
			files = (
			);
			runOnlyForDeploymentPostprocessing = 0;
		};
/* End PBXResourcesBuildPhase section */

/* Begin PBXShellScriptBuildPhase section */
		6D3EE61B8BBFA4F31CA95FC7 /* Embed Pods Frameworks */ = {
			isa = PBXShellScriptBuildPhase;
			buildActionMask = 2147483647;
			files = (
			);
			inputPaths = (
			);
			name = "Embed Pods Frameworks";
			outputPaths = (
			);
			runOnlyForDeploymentPostprocessing = 0;
			shellPath = /bin/sh;
			shellScript = "\"${SRCROOT}/Pods/Target Support Files/Pods-CameraApp/Pods-CameraApp-frameworks.sh\"\n";
			showEnvVarsInLog = 0;
		};
		A5B2187D6ECB232C43E1A5F8 /* Check Pods Manifest.lock */ = {
			isa = PBXShellScriptBuildPhase;
			buildActionMask = 2147483647;
			files = (
			);
			inputPaths = (
			);
			name = "Check Pods Manifest.lock";
			outputPaths = (
			);
			runOnlyForDeploymentPostprocessing = 0;
			shellPath = /bin/sh;
			shellScript = "diff \"${PODS_ROOT}/../Podfile.lock\" \"${PODS_ROOT}/Manifest.lock\" > /dev/null\nif [[ $? != 0 ]] ; then\n    cat << EOM\nerror: The sandbox is not in sync with the Podfile.lock. Run 'pod install' or update your CocoaPods installation.\nEOM\n    exit 1\nfi\n";
			showEnvVarsInLog = 0;
		};
		AB1FE70BE1629CDE667D9EFD /* Copy Pods Resources */ = {
			isa = PBXShellScriptBuildPhase;
			buildActionMask = 2147483647;
			files = (
			);
			inputPaths = (
			);
			name = "Copy Pods Resources";
			outputPaths = (
			);
			runOnlyForDeploymentPostprocessing = 0;
			shellPath = /bin/sh;
			shellScript = "\"${SRCROOT}/Pods/Target Support Files/Pods-CameraApp/Pods-CameraApp-resources.sh\"\n";
			showEnvVarsInLog = 0;
		};
/* End PBXShellScriptBuildPhase section */

/* Begin PBXSourcesBuildPhase section */
		C514C4961C0FBC7700A1B77F /* Sources */ = {
			isa = PBXSourcesBuildPhase;
			buildActionMask = 2147483647;
			files = (
				C51153C41C4DC4F40010D365 /* FilterViewTableViewCell.swift in Sources */,
				C57AA7E81C1F934E00E5EC37 /* PreviewCollectionViewCell.swift in Sources */,
				C514C49E1C0FBC7700A1B77F /* AppDelegate.swift in Sources */,
				C5A031AC1C56ECC100679A70 /* LocationManager.swift in Sources */,
				C514C4CC1C0FBCF100A1B77F /* MainViewController.swift in Sources */,
				C5A031AE1C56EF4800679A70 /* FacebookManager.swift in Sources */,
				C51153BE1C4DB2900010D365 /* ImageFilterManager.swift in Sources */,
				C51153C21C4DC1BD0010D365 /* FilterViewController.swift in Sources */,
			);
			runOnlyForDeploymentPostprocessing = 0;
		};
		C514C4AA1C0FBC7700A1B77F /* Sources */ = {
			isa = PBXSourcesBuildPhase;
			buildActionMask = 2147483647;
			files = (
				C514C4B31C0FBC7700A1B77F /* CameraAppTests.swift in Sources */,
			);
			runOnlyForDeploymentPostprocessing = 0;
		};
		C514C4B51C0FBC7700A1B77F /* Sources */ = {
			isa = PBXSourcesBuildPhase;
			buildActionMask = 2147483647;
			files = (
				C514C4BE1C0FBC7800A1B77F /* CameraAppUITests.swift in Sources */,
			);
			runOnlyForDeploymentPostprocessing = 0;
		};
/* End PBXSourcesBuildPhase section */

/* Begin PBXTargetDependency section */
		C514C4B01C0FBC7700A1B77F /* PBXTargetDependency */ = {
			isa = PBXTargetDependency;
			target = C514C4991C0FBC7700A1B77F /* CameraApp */;
			targetProxy = C514C4AF1C0FBC7700A1B77F /* PBXContainerItemProxy */;
		};
		C514C4BB1C0FBC7700A1B77F /* PBXTargetDependency */ = {
			isa = PBXTargetDependency;
			target = C514C4991C0FBC7700A1B77F /* CameraApp */;
			targetProxy = C514C4BA1C0FBC7700A1B77F /* PBXContainerItemProxy */;
		};
/* End PBXTargetDependency section */

/* Begin PBXVariantGroup section */
		C514C4A11C0FBC7700A1B77F /* Main.storyboard */ = {
			isa = PBXVariantGroup;
			children = (
				C514C4A21C0FBC7700A1B77F /* Base */,
			);
			name = Main.storyboard;
			sourceTree = "<group>";
		};
		C514C4A61C0FBC7700A1B77F /* LaunchScreen.storyboard */ = {
			isa = PBXVariantGroup;
			children = (
				C514C4A71C0FBC7700A1B77F /* Base */,
			);
			name = LaunchScreen.storyboard;
			sourceTree = "<group>";
		};
/* End PBXVariantGroup section */

/* Begin XCBuildConfiguration section */
		C514C4C01C0FBC7800A1B77F /* Debug */ = {
			isa = XCBuildConfiguration;
			buildSettings = {
				ALWAYS_SEARCH_USER_PATHS = NO;
				CLANG_CXX_LANGUAGE_STANDARD = "gnu++0x";
				CLANG_CXX_LIBRARY = "libc++";
				CLANG_ENABLE_MODULES = YES;
				CLANG_ENABLE_OBJC_ARC = YES;
				CLANG_WARN_BOOL_CONVERSION = YES;
				CLANG_WARN_CONSTANT_CONVERSION = YES;
				CLANG_WARN_DIRECT_OBJC_ISA_USAGE = YES_ERROR;
				CLANG_WARN_EMPTY_BODY = YES;
				CLANG_WARN_ENUM_CONVERSION = YES;
				CLANG_WARN_INT_CONVERSION = YES;
				CLANG_WARN_OBJC_ROOT_CLASS = YES_ERROR;
				CLANG_WARN_UNREACHABLE_CODE = YES;
				CLANG_WARN__DUPLICATE_METHOD_MATCH = YES;
				"CODE_SIGN_IDENTITY[sdk=iphoneos*]" = "iPhone Developer";
				COPY_PHASE_STRIP = NO;
				DEBUG_INFORMATION_FORMAT = dwarf;
				ENABLE_STRICT_OBJC_MSGSEND = YES;
				ENABLE_TESTABILITY = YES;
				GCC_C_LANGUAGE_STANDARD = gnu99;
				GCC_DYNAMIC_NO_PIC = NO;
				GCC_NO_COMMON_BLOCKS = YES;
				GCC_OPTIMIZATION_LEVEL = 0;
				GCC_PREPROCESSOR_DEFINITIONS = (
					"DEBUG=1",
					"$(inherited)",
				);
				GCC_WARN_64_TO_32_BIT_CONVERSION = YES;
				GCC_WARN_ABOUT_RETURN_TYPE = YES_ERROR;
				GCC_WARN_UNDECLARED_SELECTOR = YES;
				GCC_WARN_UNINITIALIZED_AUTOS = YES_AGGRESSIVE;
				GCC_WARN_UNUSED_FUNCTION = YES;
				GCC_WARN_UNUSED_VARIABLE = YES;
				IPHONEOS_DEPLOYMENT_TARGET = 9.1;
				MTL_ENABLE_DEBUG_INFO = YES;
				ONLY_ACTIVE_ARCH = YES;
				SDKROOT = iphoneos;
				SWIFT_OPTIMIZATION_LEVEL = "-Onone";
				TARGETED_DEVICE_FAMILY = "1,2";
			};
			name = Debug;
		};
		C514C4C11C0FBC7800A1B77F /* Release */ = {
			isa = XCBuildConfiguration;
			buildSettings = {
				ALWAYS_SEARCH_USER_PATHS = NO;
				CLANG_CXX_LANGUAGE_STANDARD = "gnu++0x";
				CLANG_CXX_LIBRARY = "libc++";
				CLANG_ENABLE_MODULES = YES;
				CLANG_ENABLE_OBJC_ARC = YES;
				CLANG_WARN_BOOL_CONVERSION = YES;
				CLANG_WARN_CONSTANT_CONVERSION = YES;
				CLANG_WARN_DIRECT_OBJC_ISA_USAGE = YES_ERROR;
				CLANG_WARN_EMPTY_BODY = YES;
				CLANG_WARN_ENUM_CONVERSION = YES;
				CLANG_WARN_INT_CONVERSION = YES;
				CLANG_WARN_OBJC_ROOT_CLASS = YES_ERROR;
				CLANG_WARN_UNREACHABLE_CODE = YES;
				CLANG_WARN__DUPLICATE_METHOD_MATCH = YES;
				"CODE_SIGN_IDENTITY[sdk=iphoneos*]" = "iPhone Developer";
				COPY_PHASE_STRIP = NO;
				DEBUG_INFORMATION_FORMAT = "dwarf-with-dsym";
				ENABLE_NS_ASSERTIONS = NO;
				ENABLE_STRICT_OBJC_MSGSEND = YES;
				GCC_C_LANGUAGE_STANDARD = gnu99;
				GCC_NO_COMMON_BLOCKS = YES;
				GCC_WARN_64_TO_32_BIT_CONVERSION = YES;
				GCC_WARN_ABOUT_RETURN_TYPE = YES_ERROR;
				GCC_WARN_UNDECLARED_SELECTOR = YES;
				GCC_WARN_UNINITIALIZED_AUTOS = YES_AGGRESSIVE;
				GCC_WARN_UNUSED_FUNCTION = YES;
				GCC_WARN_UNUSED_VARIABLE = YES;
				IPHONEOS_DEPLOYMENT_TARGET = 9.1;
				MTL_ENABLE_DEBUG_INFO = NO;
				SDKROOT = iphoneos;
				TARGETED_DEVICE_FAMILY = "1,2";
				VALIDATE_PRODUCT = YES;
			};
			name = Release;
		};
		C514C4C31C0FBC7800A1B77F /* Debug */ = {
			isa = XCBuildConfiguration;
			baseConfigurationReference = 3A0503E06FDC6FE0FFA0F169 /* Pods-CameraApp.debug.xcconfig */;
			buildSettings = {
				ASSETCATALOG_COMPILER_APPICON_NAME = AppIcon;
				INFOPLIST_FILE = CameraApp/Info.plist;
				LD_RUNPATH_SEARCH_PATHS = "$(inherited) @executable_path/Frameworks";
				PRODUCT_BUNDLE_IDENTIFIER = com.wyattwill.CameraApp;
				PRODUCT_NAME = "$(TARGET_NAME)";
			};
			name = Debug;
		};
		C514C4C41C0FBC7800A1B77F /* Release */ = {
			isa = XCBuildConfiguration;
			baseConfigurationReference = F543464908FD94079BB38198 /* Pods-CameraApp.release.xcconfig */;
			buildSettings = {
				ASSETCATALOG_COMPILER_APPICON_NAME = AppIcon;
				INFOPLIST_FILE = CameraApp/Info.plist;
				LD_RUNPATH_SEARCH_PATHS = "$(inherited) @executable_path/Frameworks";
				PRODUCT_BUNDLE_IDENTIFIER = com.wyattwill.CameraApp;
				PRODUCT_NAME = "$(TARGET_NAME)";
			};
			name = Release;
		};
		C514C4C61C0FBC7800A1B77F /* Debug */ = {
			isa = XCBuildConfiguration;
			buildSettings = {
				BUNDLE_LOADER = "$(TEST_HOST)";
				INFOPLIST_FILE = CameraAppTests/Info.plist;
				LD_RUNPATH_SEARCH_PATHS = "$(inherited) @executable_path/Frameworks @loader_path/Frameworks";
				PRODUCT_BUNDLE_IDENTIFIER = com.wyattwill.CameraAppTests;
				PRODUCT_NAME = "$(TARGET_NAME)";
				TEST_HOST = "$(BUILT_PRODUCTS_DIR)/CameraApp.app/CameraApp";
			};
			name = Debug;
		};
		C514C4C71C0FBC7800A1B77F /* Release */ = {
			isa = XCBuildConfiguration;
			buildSettings = {
				BUNDLE_LOADER = "$(TEST_HOST)";
				INFOPLIST_FILE = CameraAppTests/Info.plist;
				LD_RUNPATH_SEARCH_PATHS = "$(inherited) @executable_path/Frameworks @loader_path/Frameworks";
				PRODUCT_BUNDLE_IDENTIFIER = com.wyattwill.CameraAppTests;
				PRODUCT_NAME = "$(TARGET_NAME)";
				TEST_HOST = "$(BUILT_PRODUCTS_DIR)/CameraApp.app/CameraApp";
			};
			name = Release;
		};
		C514C4C91C0FBC7800A1B77F /* Debug */ = {
			isa = XCBuildConfiguration;
			buildSettings = {
				INFOPLIST_FILE = CameraAppUITests/Info.plist;
				LD_RUNPATH_SEARCH_PATHS = "$(inherited) @executable_path/Frameworks @loader_path/Frameworks";
				PRODUCT_BUNDLE_IDENTIFIER = com.wyattwill.CameraAppUITests;
				PRODUCT_NAME = "$(TARGET_NAME)";
				TEST_TARGET_NAME = CameraApp;
				USES_XCTRUNNER = YES;
			};
			name = Debug;
		};
		C514C4CA1C0FBC7800A1B77F /* Release */ = {
			isa = XCBuildConfiguration;
			buildSettings = {
				INFOPLIST_FILE = CameraAppUITests/Info.plist;
				LD_RUNPATH_SEARCH_PATHS = "$(inherited) @executable_path/Frameworks @loader_path/Frameworks";
				PRODUCT_BUNDLE_IDENTIFIER = com.wyattwill.CameraAppUITests;
				PRODUCT_NAME = "$(TARGET_NAME)";
				TEST_TARGET_NAME = CameraApp;
				USES_XCTRUNNER = YES;
			};
			name = Release;
		};
/* End XCBuildConfiguration section */

/* Begin XCConfigurationList section */
		C514C4951C0FBC7700A1B77F /* Build configuration list for PBXProject "CameraApp" */ = {
			isa = XCConfigurationList;
			buildConfigurations = (
				C514C4C01C0FBC7800A1B77F /* Debug */,
				C514C4C11C0FBC7800A1B77F /* Release */,
			);
			defaultConfigurationIsVisible = 0;
			defaultConfigurationName = Release;
		};
		C514C4C21C0FBC7800A1B77F /* Build configuration list for PBXNativeTarget "CameraApp" */ = {
			isa = XCConfigurationList;
			buildConfigurations = (
				C514C4C31C0FBC7800A1B77F /* Debug */,
				C514C4C41C0FBC7800A1B77F /* Release */,
			);
			defaultConfigurationIsVisible = 0;
			defaultConfigurationName = Release;
		};
		C514C4C51C0FBC7800A1B77F /* Build configuration list for PBXNativeTarget "CameraAppTests" */ = {
			isa = XCConfigurationList;
			buildConfigurations = (
				C514C4C61C0FBC7800A1B77F /* Debug */,
				C514C4C71C0FBC7800A1B77F /* Release */,
			);
			defaultConfigurationIsVisible = 0;
			defaultConfigurationName = Release;
		};
		C514C4C81C0FBC7800A1B77F /* Build configuration list for PBXNativeTarget "CameraAppUITests" */ = {
			isa = XCConfigurationList;
			buildConfigurations = (
				C514C4C91C0FBC7800A1B77F /* Debug */,
				C514C4CA1C0FBC7800A1B77F /* Release */,
			);
			defaultConfigurationIsVisible = 0;
			defaultConfigurationName = Release;
		};
/* End XCConfigurationList section */
	};
	rootObject = C514C4921C0FBC7700A1B77F /* Project object */;
}
